{"1.2.0",
[{<<"erlexec">>,{pkg,<<"erlexec">>,<<"1.10.9">>},0},
 {<<"jiffy">>,{pkg,<<"jiffy">>,<<"1.1.1">>},0}]}.
[
{pkg_hash,[
 {<<"erlexec">>, <<"3CBB3476F942BFB8B68B85721C21C1835061CF6DD35F5285C2362E85B100DDC7">>},
 {<<"jiffy">>, <<"ACA10F47AA91697BF24AB9582C74E00E8E95474C7EF9F76D4F1A338D0F5DE21B">>}]},
{pkg_hash_ext,[
 {<<"erlexec">>, <<"271E5B5F2D91CDB9887EFE74D89026C199BFC69F074CADE0D08DAB60993FA14E">>},
 {<<"jiffy">>, <<"62E1F0581C3C19C33A725C781DFA88410D8BFF1BBAFC3885A2552286B4785C4C">>}]}
].
