{"1.1.0",
[{<<"b64fast">>,{pkg,<<"b64fast">>,<<"0.2.1">>},0},
 {<<"erlexec">>,{pkg,<<"erlexec">>,<<"1.6.4">>},0},
 {<<"jiffy">>,{pkg,<<"jiffy">>,<<"0.14.11">>},0}]}.
[
{pkg_hash,[
 {<<"b64fast">>, <<"EF67EFD73109BF52A83338A2DED30D0DC4EC1B11449B4C43DB970D3FC96CC9CD">>},
 {<<"erlexec">>, <<"350AD514F5C2D4B7EEBD1F3BA63F428A83FD0B8BB84FDF7B8131E5DE9E11708F">>},
 {<<"jiffy">>, <<"919A87D491C5A6B5E3BBC27FAFEDC3A0761CA0B4C405394F121F582FD4E3F0E5">>}]}
].
