{"1.2.0",
[{<<"erlexec">>,{pkg,<<"erlexec">>,<<"1.10.9">>},0},
 {<<"jiffy">>,{pkg,<<"jiffy">>,<<"1.1.2">>},0}]}.
[
{pkg_hash,[
 {<<"erlexec">>, <<"3CBB3476F942BFB8B68B85721C21C1835061CF6DD35F5285C2362E85B100DDC7">>},
 {<<"jiffy">>, <<"A9B6C9A7EC268E7CF493D028F0A4C9144F59CCB878B1AFE42841597800840A1B">>}]},
{pkg_hash_ext,[
 {<<"erlexec">>, <<"271E5B5F2D91CDB9887EFE74D89026C199BFC69F074CADE0D08DAB60993FA14E">>},
 {<<"jiffy">>, <<"BB61BC42A720BBD33CB09A410E48BB79A61012C74CB8B3E75F26D988485CF381">>}]}
].
